{
  "nodes": {
    "nixpkgs": {
      "locked": {
        "lastModified": 1597777584,
        "narHash": "sha256-oKbpJgjsIpBdBHcKJyfS7i2iARTVuNs0fhLXzIA20w0=",
        "owner": "NixOS",
        "repo": "nixpkgs",
        "rev": "feb9c28902eca0384484004e0b7dfe5ac8661d6c",
        "type": "github"
      },
      "original": {
        "id": "nixpkgs",
        "ref": "master",
        "type": "indirect"
      }
    },
    "root": {
      "inputs": {
        "nixpkgs": "nixpkgs"
      }
    }
  },
  "root": "root",
  "version": 7
}
