{
  "nodes": {
    "nixpkgs": {
      "locked": {
        "lastModified": 1607687039,
        "narHash": "sha256-iFIhk4PgscTsAqXwvNTsDLtcI+ZRHx9iQtsSsDg9vjs=",
        "owner": "NixOS",
        "repo": "nixpkgs",
        "rev": "e772531ce85672a8c404a55f8db50def01c987c4",
        "type": "github"
      },
      "original": {
        "id": "nixpkgs",
        "ref": "master",
        "type": "indirect"
      }
    },
    "root": {
      "inputs": {
        "nixpkgs": "nixpkgs"
      }
    }
  },
  "root": "root",
  "version": 7
}
