{
  "nodes": {
    "nixpkgs": {
      "locked": {
        "lastModified": 1593861632,
        "narHash": "sha256-NdF6VhLmE5cqfA4tSq03965edB+yMnv9RwripGOGyPk=",
        "owner": "NixOS",
        "repo": "nixpkgs",
        "rev": "0c9df94772e41dc3dd0a96ec66bd9f4a26f0fe2a",
        "type": "github"
      },
      "original": {
        "id": "nixpkgs",
        "type": "indirect"
      }
    },
    "root": {
      "inputs": {
        "nixpkgs": "nixpkgs"
      }
    }
  },
  "root": "root",
  "version": 7
}
